<?xml version="1.0" encoding="utf-8"?>
<Project ToolsVersion="4.0" xmlns="http://schemas.microsoft.com/developer/msbuild/2003">
  <ItemGroup>
    <Filter Include="소스 파일">
      <UniqueIdentifier>{4FC737F1-C7A5-4376-A066-2A32D752A2FF}</UniqueIdentifier>
      <Extensions>cpp;c;cc;cxx;def;odl;idl;hpj;bat;asm;asmx</Extensions>
    </Filter>
    <Filter Include="헤더 파일">
      <UniqueIdentifier>{93995380-89BD-4b04-88EB-625FBE52EBFB}</UniqueIdentifier>
      <Extensions>h;hh;hpp;hxx;hm;inl;inc;ipp;xsd</Extensions>
    </Filter>
    <Filter Include="리소스 파일">
      <UniqueIdentifier>{67DA6AB6-F800-4c08-8B7A-83BB121AAD01}</UniqueIdentifier>
      <Extensions>rc;ico;cur;bmp;dlg;rc2;rct;bin;rgs;gif;jpg;jpeg;jpe;resx;tiff;tif;png;wav;mfcribbon-ms</Extensions>
    </Filter>
    <Filter Include="소스 파일\DianNao">
      <UniqueIdentifier>{2b79e2d9-b117-4315-982f-ac261b632098}</UniqueIdentifier>
    </Filter>
    <Filter Include="헤더 파일\DianNao">
      <UniqueIdentifier>{78c8550a-e1b9-4437-8542-b3665414b9e6}</UniqueIdentifier>
    </Filter>
  </ItemGroup>
  <ItemGroup>
    <ClInclude Include="timingObject.h">
      <Filter>헤더 파일</Filter>
    </ClInclude>
    <ClInclude Include="typedef_dla.h">
      <Filter>헤더 파일</Filter>
    </ClInclude>
    <ClInclude Include="register_module.h">
      <Filter>헤더 파일</Filter>
    </ClInclude>
    <ClInclude Include="dla_system.h">
      <Filter>헤더 파일</Filter>
    </ClInclude>
    <ClInclude Include="dian_nfu1.h">
      <Filter>헤더 파일\DianNao</Filter>
    </ClInclude>
    <ClInclude Include="dian_nbin.h">
      <Filter>헤더 파일\DianNao</Filter>
    </ClInclude>
    <ClInclude Include="diannao_system.h">
      <Filter>헤더 파일</Filter>
    </ClInclude>
    <ClInclude Include="dian_sb.h">
      <Filter>헤더 파일\DianNao</Filter>
    </ClInclude>
    <ClInclude Include="optionparser.h">
      <Filter>헤더 파일</Filter>
    </ClInclude>
    <ClInclude Include="mult_module.h">
      <Filter>헤더 파일</Filter>
    </ClInclude>
    <ClInclude Include="memory_interface.h">
      <Filter>헤더 파일</Filter>
    </ClInclude>
    <ClInclude Include="dian_nfu3.h">
      <Filter>헤더 파일\DianNao</Filter>
    </ClInclude>
    <ClInclude Include="dian_nbout.h">
      <Filter>헤더 파일\DianNao</Filter>
    </ClInclude>
    <ClInclude Include="dian_nfu2.h">
      <Filter>헤더 파일\DianNao</Filter>
    </ClInclude>
    <ClInclude Include="add_module.h">
      <Filter>헤더 파일</Filter>
    </ClInclude>
    <ClInclude Include="dian_addertree.h">
      <Filter>헤더 파일\DianNao</Filter>
    </ClInclude>
    <ClInclude Include="act_module.h">
      <Filter>헤더 파일</Filter>
    </ClInclude>
    <ClInclude Include="NBOutSaveOp.h">
      <Filter>헤더 파일\DianNao</Filter>
    </ClInclude>
  </ItemGroup>
  <ItemGroup>
    <ClCompile Include="register_module.cpp">
      <Filter>소스 파일</Filter>
    </ClCompile>
    <ClCompile Include="dla_system.cpp">
      <Filter>소스 파일</Filter>
    </ClCompile>
    <ClCompile Include="dla_driver.cpp">
      <Filter>소스 파일</Filter>
    </ClCompile>
    <ClCompile Include="dian_nfu1.cpp">
      <Filter>소스 파일\DianNao</Filter>
    </ClCompile>
    <ClCompile Include="dian_nbin.cpp">
      <Filter>소스 파일\DianNao</Filter>
    </ClCompile>
    <ClCompile Include="diannao_system.cpp">
      <Filter>소스 파일</Filter>
    </ClCompile>
    <ClCompile Include="dian_sb.cpp">
      <Filter>소스 파일\DianNao</Filter>
    </ClCompile>
    <ClCompile Include="mult_module.cpp">
      <Filter>소스 파일</Filter>
    </ClCompile>
    <ClCompile Include="memory_interface.cpp">
      <Filter>소스 파일</Filter>
    </ClCompile>
    <ClCompile Include="dian_nfu3.cpp">
      <Filter>소스 파일\DianNao</Filter>
    </ClCompile>
    <ClCompile Include="dian_nbout.cpp">
      <Filter>소스 파일\DianNao</Filter>
    </ClCompile>
    <ClCompile Include="dian_nfu2.cpp">
      <Filter>소스 파일\DianNao</Filter>
    </ClCompile>
    <ClCompile Include="add_module.cpp">
      <Filter>소스 파일</Filter>
    </ClCompile>
    <ClCompile Include="dian_addertree.cpp">
      <Filter>소스 파일\DianNao</Filter>
    </ClCompile>
    <ClCompile Include="act_module.cpp">
      <Filter>소스 파일</Filter>
    </ClCompile>
    <ClCompile Include="dian_stats.h">
      <Filter>헤더 파일</Filter>
    </ClCompile>
  </ItemGroup>
</Project>